{
  "name": "music_word_uniapp",
  "version": "1.0.0",
  "lockfileVersion": 1,
  "requires": true,
  "dependencies": {
    "uni-cloud-router": {
      "version": "0.0.9",
      "resolved": "https://registry.nlark.com/uni-cloud-router/download/uni-cloud-router-0.0.9.tgz",
      "integrity": "sha1-YznZLtuGtVzjgBKTVBdngQchD+g="
    }
  }
}
